
Microsoft Visual Studio Solution File, Format Version 12.00
# Visual Studio Version 17
VisualStudioVersion = 17.4.33205.214
MinimumVisualStudioVersion = 10.0.40219.1
Project("{9A19103F-16F7-4668-BE54-9A1E7A4F7556}") = "Sudoku.Shared", "Sudoku.Shared\Sudoku.Shared.csproj", "{875F71B2-99ED-4366-9C28-E5FFB5B5AA41}"
EndProject
Project("{9A19103F-16F7-4668-BE54-9A1E7A4F7556}") = "Sudoku.Benchmark", "Sudoku.Benchmark\Sudoku.Benchmark.csproj", "{3F6D87E5-3288-46C4-B192-F91D5FBB075B}"
EndProject
Project("{2150E333-8FDC-42A3-9474-1A3956D46DE8}") = "Puzzles", "Puzzles", "{5351C3A6-44B9-45CB-B4DB-4578796500FB}"
	ProjectSection(SolutionItems) = preProject
		Puzzles\Sudoku_Easy51.txt = Puzzles\Sudoku_Easy51.txt
		Puzzles\Sudoku_hardest.txt = Puzzles\Sudoku_hardest.txt
		Puzzles\Sudoku_top95.txt = Puzzles\Sudoku_top95.txt
	EndProjectSection
EndProject
Project("{9A19103F-16F7-4668-BE54-9A1E7A4F7556}") = "Sudoku.Backtracking", "Sudoku.Backtracking\Sudoku.Backtracking.csproj", "{1C50AE77-2CE9-4BD8-ADFE-3C3A255FFC78}"
EndProject
Project("{9A19103F-16F7-4668-BE54-9A1E7A4F7556}") = "Sudoku.DancingLinks", "Sudoku.DancingLinks\Sudoku.DancingLinks.csproj", "{1DE6A30E-9935-43F9-BAB2-ED7BC8AD9992}"
EndProject
Project("{9A19103F-16F7-4668-BE54-9A1E7A4F7556}") = "Sudoku.GraphColoring", "Sudoku.GraphColoring\Sudoku.GraphColoring.csproj", "{87A13711-2440-49BE-8FC8-ABC8F4EEBB22}"
EndProject
Project("{9A19103F-16F7-4668-BE54-9A1E7A4F7556}") = "Sudoku.NeuralNetwork", "Sudoku.NeuralNetwork\Sudoku.NeuralNetwork.csproj", "{5C51BCB6-1CB3-4213-9339-F156DA649DFF}"
EndProject
Project("{FAE04EC0-301F-11D3-BF4B-00C04F79EFBC}") = "Sudoku.ORTools", "Sudoku.ORTools\Sudoku.ORTools.csproj", "{7C9BADF1-D330-4C0C-BB52-CE82108F1AC6}"
EndProject
Project("{FAE04EC0-301F-11D3-BF4B-00C04F79EFBC}") = "Sudoku.CNN", "Sudoku.CNN\Sudoku.CNN.csproj", "{2775394F-16FB-4998-BD05-FCB19969CC21}"
EndProject
Project("{FAE04EC0-301F-11D3-BF4B-00C04F79EFBC}") = "Sudoku.Genetic", "Sudoku.Genetic\Sudoku.Genetic.csproj", "{0BED4928-A976-4BED-97D1-6DC167343046}"
EndProject
Global
	GlobalSection(SolutionConfigurationPlatforms) = preSolution
		Debug|Any CPU = Debug|Any CPU
		Release|Any CPU = Release|Any CPU
	EndGlobalSection
	GlobalSection(ProjectConfigurationPlatforms) = postSolution
		{875F71B2-99ED-4366-9C28-E5FFB5B5AA41}.Debug|Any CPU.ActiveCfg = Debug|Any CPU
		{875F71B2-99ED-4366-9C28-E5FFB5B5AA41}.Debug|Any CPU.Build.0 = Debug|Any CPU
		{875F71B2-99ED-4366-9C28-E5FFB5B5AA41}.Release|Any CPU.ActiveCfg = Release|Any CPU
		{875F71B2-99ED-4366-9C28-E5FFB5B5AA41}.Release|Any CPU.Build.0 = Release|Any CPU
		{3F6D87E5-3288-46C4-B192-F91D5FBB075B}.Debug|Any CPU.ActiveCfg = Debug|Any CPU
		{3F6D87E5-3288-46C4-B192-F91D5FBB075B}.Debug|Any CPU.Build.0 = Debug|Any CPU
		{3F6D87E5-3288-46C4-B192-F91D5FBB075B}.Release|Any CPU.ActiveCfg = Release|Any CPU
		{3F6D87E5-3288-46C4-B192-F91D5FBB075B}.Release|Any CPU.Build.0 = Release|Any CPU
		{1C50AE77-2CE9-4BD8-ADFE-3C3A255FFC78}.Debug|Any CPU.ActiveCfg = Debug|Any CPU
		{1C50AE77-2CE9-4BD8-ADFE-3C3A255FFC78}.Debug|Any CPU.Build.0 = Debug|Any CPU
		{1C50AE77-2CE9-4BD8-ADFE-3C3A255FFC78}.Release|Any CPU.ActiveCfg = Release|Any CPU
		{1C50AE77-2CE9-4BD8-ADFE-3C3A255FFC78}.Release|Any CPU.Build.0 = Release|Any CPU
		{1DE6A30E-9935-43F9-BAB2-ED7BC8AD9992}.Debug|Any CPU.ActiveCfg = Debug|Any CPU
		{1DE6A30E-9935-43F9-BAB2-ED7BC8AD9992}.Debug|Any CPU.Build.0 = Debug|Any CPU
		{1DE6A30E-9935-43F9-BAB2-ED7BC8AD9992}.Release|Any CPU.ActiveCfg = Release|Any CPU
		{1DE6A30E-9935-43F9-BAB2-ED7BC8AD9992}.Release|Any CPU.Build.0 = Release|Any CPU
		{87A13711-2440-49BE-8FC8-ABC8F4EEBB22}.Debug|Any CPU.ActiveCfg = Debug|Any CPU
		{87A13711-2440-49BE-8FC8-ABC8F4EEBB22}.Debug|Any CPU.Build.0 = Debug|Any CPU
		{87A13711-2440-49BE-8FC8-ABC8F4EEBB22}.Release|Any CPU.ActiveCfg = Release|Any CPU
		{87A13711-2440-49BE-8FC8-ABC8F4EEBB22}.Release|Any CPU.Build.0 = Release|Any CPU
		{5C51BCB6-1CB3-4213-9339-F156DA649DFF}.Debug|Any CPU.ActiveCfg = Debug|Any CPU
		{5C51BCB6-1CB3-4213-9339-F156DA649DFF}.Debug|Any CPU.Build.0 = Debug|Any CPU
		{5C51BCB6-1CB3-4213-9339-F156DA649DFF}.Release|Any CPU.ActiveCfg = Release|Any CPU
		{5C51BCB6-1CB3-4213-9339-F156DA649DFF}.Release|Any CPU.Build.0 = Release|Any CPU
		{7C9BADF1-D330-4C0C-BB52-CE82108F1AC6}.Debug|Any CPU.ActiveCfg = Debug|Any CPU
		{7C9BADF1-D330-4C0C-BB52-CE82108F1AC6}.Debug|Any CPU.Build.0 = Debug|Any CPU
		{7C9BADF1-D330-4C0C-BB52-CE82108F1AC6}.Release|Any CPU.ActiveCfg = Release|Any CPU
		{7C9BADF1-D330-4C0C-BB52-CE82108F1AC6}.Release|Any CPU.Build.0 = Release|Any CPU
		{2775394F-16FB-4998-BD05-FCB19969CC21}.Debug|Any CPU.ActiveCfg = Debug|Any CPU
		{2775394F-16FB-4998-BD05-FCB19969CC21}.Debug|Any CPU.Build.0 = Debug|Any CPU
		{2775394F-16FB-4998-BD05-FCB19969CC21}.Release|Any CPU.ActiveCfg = Release|Any CPU
		{2775394F-16FB-4998-BD05-FCB19969CC21}.Release|Any CPU.Build.0 = Release|Any CPU
		{0BED4928-A976-4BED-97D1-6DC167343046}.Debug|Any CPU.ActiveCfg = Debug|Any CPU
		{0BED4928-A976-4BED-97D1-6DC167343046}.Debug|Any CPU.Build.0 = Debug|Any CPU
		{0BED4928-A976-4BED-97D1-6DC167343046}.Release|Any CPU.ActiveCfg = Release|Any CPU
		{0BED4928-A976-4BED-97D1-6DC167343046}.Release|Any CPU.Build.0 = Release|Any CPU
	EndGlobalSection
	GlobalSection(SolutionProperties) = preSolution
		HideSolutionNode = FALSE
	EndGlobalSection
	GlobalSection(ExtensibilityGlobals) = postSolution
		SolutionGuid = {BEE8F8D1-8D10-45DA-ABF1-5DE630CBE60B}
	EndGlobalSection
EndGlobal
